{
  "name": "muscle.quest.web",
  "version": "1.0.0",
  "lockfileVersion": 3,
  "requires": true,
  "packages": {
    "": {
      "name": "muscle.quest.web",
      "version": "1.0.0",
      "license": "ISC",
      "dependencies": {
        "@supabase/supabase-js": "file:vendor/supabase-js"
      },
      "engines": {
        "node": ">=20"
      }
    },
    "node_modules/@supabase/supabase-js": {
      "resolved": "vendor/supabase-js",
      "link": true
    },
    "vendor/supabase-js": {
      "name": "@supabase/supabase-js",
      "version": "2.0.0-stub"
    }
  }
}
